{
  "stokes_version": "0.2.0",
  "generated_at": "2026-09-25T16:08:28.191649+00:00",
  "target_repository": "C:\\Users\\sultan haikal\\Downloads\\ibm 2.0\\dirichlet",
  "schema_digests": {
    "migrations\\001_bot_signals.sql": "sha256:fdbe7b4d33832cc30302c5396cf9656c0a4db7064eb38649747291c7cb17d423",
    "services\\feature-pipeline\\catalog_sync.py": "sha256:9e39d5680c0d1f1e65aba7b3d7709298a24a97db797508c44dd1c9b9d2d0781a",
    "crates\\dirichlet-proxy\\src\\engine\\feature_ingest.rs": "sha256:d0ceeb0c61ec21ce712738069fac1e7fd006d8defb6256df0b33462d19cc79ea"
  },
  "boundary_contracts": {
    "max_active_features": 200,
    "zone_0_capacity": 128,
    "zone_1_capacity": 72,
    "max_canonical_columns": 200,
    "observed_upstream_cardinality": 280,
    "cardinality_risk_ratio": 1.4
  },
  "verification_results": {
    "fuzz_cases_passed": 10000,
    "fuzz_cases_total": 10000,
    "criterion_inplace_ns": 213.09101431770716,
    "criterion_heap_ns": 134.18772366766612,
    "float_vectors_sanitized": 78,
    "violations_detected": 2,
    "violations_resolved": 2,
    "heap_allocation_bytes": 0
  },
  "ci_gate_status": "PASSED",
  "master_digest": "sha256:fed35ab6d50d8d3dca532b0a87e273d03bf0e4ad0bd1a885aed644504836c0b8"
}