{
  "stokes_version": "0.2.0",
  "generated_at": "2026-09-27T03:18:11.297817+00:00",
  "target_repository": "cloudflame",
  "schema_digests": {
    "migrations/001_bot_signals.sql": "sha256:82e84ba227771e69a5bf4dd9b389d0c583cd1e33ffdeeb6b1d8e0cb143c63dac",
    "services/feature-pipeline/catalog_sync.py": "sha256:1af49291b85f9ce700971a3a04a0563237dfefdde50be44caa79abc132017312",
    "crates/cloudflame-proxy/src/engine/feature_ingest.rs": "sha256:91da33dee7bf07b4ce745f42eb8b5c289ac348a312bacac228b259d379014245"
  },
  "boundary_contracts": {
    "max_active_features": 200,
    "downstream_capacity": 200,
    "max_canonical_columns": 200,
    "observed_upstream_cardinality": 280,
    "cardinality_risk_ratio": 1.4,
    "untyped_seams": [
      "ClickHouse DDL → Python ETL",
      "Python ETL → Rust Proxy"
    ],
    "verification_mode": "normalized_semantic_ast"
  },
  "verification_results": {
    "fuzz_cases_passed": 10000,
    "fuzz_cases_total": 10000,
    "criterion_inplace_ns": 213.09101431770716,
    "criterion_heap_ns": 134.18772366766612,
    "float_vectors_sanitized": 78,
    "violations_detected": 2,
    "violations_resolved": 2,
    "heap_allocation_bytes": 0
  },
  "ci_gate_status": "PASSED",
  "master_digest": "sha256:141f5c4602871679c1ae5cf4682cb5cde2068ec0d87d2e485835249407645153"
}